
Microsoft Visual Studio Solution File, Format Version 12.00
# Visual Studio Version 16
VisualStudioVersion = 16.0.33328.57
MinimumVisualStudioVersion = 10.0.40219.1
Project("{FAE04EC0-301F-11D3-BF4B-00C04F79EFBC}") = "WeatherEyeApp.Android", "WeatherEyeApp.Android\WeatherEyeApp.Android.csproj", "{FF8F805B-96F8-4A3E-91D3-333E6114D88A}"
EndProject
Project("{FAE04EC0-301F-11D3-BF4B-00C04F79EFBC}") = "WeatherEyeApp.iOS", "WeatherEyeApp.iOS\WeatherEyeApp.iOS.csproj", "{3A0C7812-2DF5-432F-B489-ECF85DD6A1FA}"
EndProject
Project("{FAE04EC0-301F-11D3-BF4B-00C04F79EFBC}") = "WeatherEyeApp", "WeatherEyeApp\WeatherEyeApp.csproj", "{11879318-F143-4DBC-8371-69D3DD9BD157}"
EndProject
Global
	GlobalSection(SolutionConfigurationPlatforms) = preSolution
		Debug|Any CPU = Debug|Any CPU
		Debug|iPhone = Debug|iPhone
		Debug|iPhoneSimulator = Debug|iPhoneSimulator
		Release|Any CPU = Release|Any CPU
		Release|iPhone = Release|iPhone
		Release|iPhoneSimulator = Release|iPhoneSimulator
	EndGlobalSection
	GlobalSection(ProjectConfigurationPlatforms) = postSolution
		{FF8F805B-96F8-4A3E-91D3-333E6114D88A}.Debug|Any CPU.ActiveCfg = Debug|Any CPU
		{FF8F805B-96F8-4A3E-91D3-333E6114D88A}.Debug|Any CPU.Build.0 = Debug|Any CPU
		{FF8F805B-96F8-4A3E-91D3-333E6114D88A}.Debug|Any CPU.Deploy.0 = Debug|Any CPU
		{FF8F805B-96F8-4A3E-91D3-333E6114D88A}.Debug|iPhone.ActiveCfg = Debug|Any CPU
		{FF8F805B-96F8-4A3E-91D3-333E6114D88A}.Debug|iPhone.Build.0 = Debug|Any CPU
		{FF8F805B-96F8-4A3E-91D3-333E6114D88A}.Debug|iPhone.Deploy.0 = Debug|Any CPU
		{FF8F805B-96F8-4A3E-91D3-333E6114D88A}.Debug|iPhoneSimulator.ActiveCfg = Debug|Any CPU
		{FF8F805B-96F8-4A3E-91D3-333E6114D88A}.Debug|iPhoneSimulator.Build.0 = Debug|Any CPU
		{FF8F805B-96F8-4A3E-91D3-333E6114D88A}.Debug|iPhoneSimulator.Deploy.0 = Debug|Any CPU
		{FF8F805B-96F8-4A3E-91D3-333E6114D88A}.Release|Any CPU.ActiveCfg = Release|Any CPU
		{FF8F805B-96F8-4A3E-91D3-333E6114D88A}.Release|Any CPU.Build.0 = Release|Any CPU
		{FF8F805B-96F8-4A3E-91D3-333E6114D88A}.Release|Any CPU.Deploy.0 = Release|Any CPU
		{FF8F805B-96F8-4A3E-91D3-333E6114D88A}.Release|iPhone.ActiveCfg = Release|Any CPU
		{FF8F805B-96F8-4A3E-91D3-333E6114D88A}.Release|iPhone.Build.0 = Release|Any CPU
		{FF8F805B-96F8-4A3E-91D3-333E6114D88A}.Release|iPhone.Deploy.0 = Release|Any CPU
		{FF8F805B-96F8-4A3E-91D3-333E6114D88A}.Release|iPhoneSimulator.ActiveCfg = Release|Any CPU
		{FF8F805B-96F8-4A3E-91D3-333E6114D88A}.Release|iPhoneSimulator.Build.0 = Release|Any CPU
		{FF8F805B-96F8-4A3E-91D3-333E6114D88A}.Release|iPhoneSimulator.Deploy.0 = Release|Any CPU
		{3A0C7812-2DF5-432F-B489-ECF85DD6A1FA}.Debug|Any CPU.ActiveCfg = Debug|iPhone
		{3A0C7812-2DF5-432F-B489-ECF85DD6A1FA}.Debug|Any CPU.Build.0 = Debug|iPhone
		{3A0C7812-2DF5-432F-B489-ECF85DD6A1FA}.Debug|Any CPU.Deploy.0 = Debug|iPhone
		{3A0C7812-2DF5-432F-B489-ECF85DD6A1FA}.Debug|iPhone.ActiveCfg = Debug|iPhone
		{3A0C7812-2DF5-432F-B489-ECF85DD6A1FA}.Debug|iPhone.Build.0 = Debug|iPhone
		{3A0C7812-2DF5-432F-B489-ECF85DD6A1FA}.Debug|iPhone.Deploy.0 = Debug|iPhone
		{3A0C7812-2DF5-432F-B489-ECF85DD6A1FA}.Debug|iPhoneSimulator.ActiveCfg = Debug|iPhoneSimulator
		{3A0C7812-2DF5-432F-B489-ECF85DD6A1FA}.Debug|iPhoneSimulator.Build.0 = Debug|iPhoneSimulator
		{3A0C7812-2DF5-432F-B489-ECF85DD6A1FA}.Debug|iPhoneSimulator.Deploy.0 = Debug|iPhoneSimulator
		{3A0C7812-2DF5-432F-B489-ECF85DD6A1FA}.Release|Any CPU.ActiveCfg = Release|iPhoneSimulator
		{3A0C7812-2DF5-432F-B489-ECF85DD6A1FA}.Release|Any CPU.Build.0 = Release|iPhoneSimulator
		{3A0C7812-2DF5-432F-B489-ECF85DD6A1FA}.Release|Any CPU.Deploy.0 = Release|iPhoneSimulator
		{3A0C7812-2DF5-432F-B489-ECF85DD6A1FA}.Release|iPhone.ActiveCfg = Release|iPhone
		{3A0C7812-2DF5-432F-B489-ECF85DD6A1FA}.Release|iPhone.Build.0 = Release|iPhone
		{3A0C7812-2DF5-432F-B489-ECF85DD6A1FA}.Release|iPhone.Deploy.0 = Release|iPhone
		{3A0C7812-2DF5-432F-B489-ECF85DD6A1FA}.Release|iPhoneSimulator.ActiveCfg = Release|iPhoneSimulator
		{3A0C7812-2DF5-432F-B489-ECF85DD6A1FA}.Release|iPhoneSimulator.Build.0 = Release|iPhoneSimulator
		{3A0C7812-2DF5-432F-B489-ECF85DD6A1FA}.Release|iPhoneSimulator.Deploy.0 = Release|iPhoneSimulator
		{11879318-F143-4DBC-8371-69D3DD9BD157}.Debug|Any CPU.ActiveCfg = Debug|Any CPU
		{11879318-F143-4DBC-8371-69D3DD9BD157}.Debug|Any CPU.Build.0 = Debug|Any CPU
		{11879318-F143-4DBC-8371-69D3DD9BD157}.Debug|Any CPU.Deploy.0 = Debug|Any CPU
		{11879318-F143-4DBC-8371-69D3DD9BD157}.Debug|iPhone.ActiveCfg = Debug|Any CPU
		{11879318-F143-4DBC-8371-69D3DD9BD157}.Debug|iPhone.Build.0 = Debug|Any CPU
		{11879318-F143-4DBC-8371-69D3DD9BD157}.Debug|iPhone.Deploy.0 = Debug|Any CPU
		{11879318-F143-4DBC-8371-69D3DD9BD157}.Debug|iPhoneSimulator.ActiveCfg = Debug|Any CPU
		{11879318-F143-4DBC-8371-69D3DD9BD157}.Debug|iPhoneSimulator.Build.0 = Debug|Any CPU
		{11879318-F143-4DBC-8371-69D3DD9BD157}.Debug|iPhoneSimulator.Deploy.0 = Debug|Any CPU
		{11879318-F143-4DBC-8371-69D3DD9BD157}.Release|Any CPU.ActiveCfg = Release|Any CPU
		{11879318-F143-4DBC-8371-69D3DD9BD157}.Release|Any CPU.Build.0 = Release|Any CPU
		{11879318-F143-4DBC-8371-69D3DD9BD157}.Release|Any CPU.Deploy.0 = Release|Any CPU
		{11879318-F143-4DBC-8371-69D3DD9BD157}.Release|iPhone.ActiveCfg = Release|Any CPU
		{11879318-F143-4DBC-8371-69D3DD9BD157}.Release|iPhone.Build.0 = Release|Any CPU
		{11879318-F143-4DBC-8371-69D3DD9BD157}.Release|iPhone.Deploy.0 = Release|Any CPU
		{11879318-F143-4DBC-8371-69D3DD9BD157}.Release|iPhoneSimulator.ActiveCfg = Release|Any CPU
		{11879318-F143-4DBC-8371-69D3DD9BD157}.Release|iPhoneSimulator.Build.0 = Release|Any CPU
		{11879318-F143-4DBC-8371-69D3DD9BD157}.Release|iPhoneSimulator.Deploy.0 = Release|Any CPU
	EndGlobalSection
	GlobalSection(SolutionProperties) = preSolution
		HideSolutionNode = FALSE
	EndGlobalSection
	GlobalSection(ExtensibilityGlobals) = postSolution
		SolutionGuid = {188B0E17-7BE0-4C38-9F0B-46D1916B772B}
	EndGlobalSection
EndGlobal
